{
  "lockfileVersion": 1,
  "dependencies": {
    "fs-extra": {
      "version": "4.0.1",
      "resolved": "http://registry.npm.taobao.org/fs-extra/download/fs-extra-4.0.1.tgz",
      "integrity": "sha1-f8DGyJV/mD9X8waiTlud3Y0N2IA="
    },
    "graceful-fs": {
      "version": "4.1.11",
      "resolved": "http://registry.npm.taobao.org/graceful-fs/download/graceful-fs-4.1.11.tgz",
      "integrity": "sha1-Dovf5NHduIVNZOBOp8AOKgJuVlg="
    },
    "jsonfile": {
      "version": "3.0.1",
      "resolved": "http://registry.npm.taobao.org/jsonfile/download/jsonfile-3.0.1.tgz",
      "integrity": "sha1-pezG9l9T9mLEQVx2daAzHQmS7GY="
    },
    "universalify": {
      "version": "0.1.1",
      "resolved": "http://registry.npm.taobao.org/universalify/download/universalify-0.1.1.tgz",
      "integrity": "sha1-+nG63UQ3r0wUiEHjs7Fl+enlkLc="
    }
  }
}
